{
    "_readme": [
        "This file locks the dependencies of your project to a known state",
        "Read more about it at https://getcomposer.org/doc/01-basic-usage.md#installing-dependencies",
        "This file is @generated automatically"
    ],
    "content-hash": "ae482682ae952f0a5cc21c2ab4a95e9d",
    "packages": [
        {
            "name": "ghasedak/php",
            "version": "dev-master",
            "source": {
                "type": "git",
                "url": "https://github.com/ghasedakapi/ghasedak-php.git",
                "reference": "b128dcd1841ee26d7d4f1843cb2356d6df0d0e3f"
            },
            "dist": {
                "type": "zip",
                "url": "https://api.github.com/repos/ghasedakapi/ghasedak-php/zipball/b128dcd1841ee26d7d4f1843cb2356d6df0d0e3f",
                "reference": "b128dcd1841ee26d7d4f1843cb2356d6df0d0e3f",
                "shasum": ""
            },
            "require": {
                "php": ">=5.4.0"
            },
            "type": "library",
            "autoload": {
                "psr-4": {
                    "Ghasedak\\": "src/"
                }
            },
            "notification-url": "https://packagist.org/downloads/",
            "license": [
                "MIT"
            ],
            "authors": [
                {
                    "name": "Abbas Hosseinpour",
                    "email": "abdolzahra512@gmail.com"
                }
            ],
            "description": "ghasedak sms gateway package for PHP",
            "homepage": "https://github.com/ghasedakapi/ghasedak-php",
            "keywords": [
                "Ghasedak",
                "api",
                "notification",
                "sms",
                "sms-gateway"
            ],
            "time": "2019-12-11T13:46:28+00:00"
        }
    ],
    "packages-dev": [],
    "aliases": [],
    "minimum-stability": "stable",
    "stability-flags": {
        "ghasedak/php": 20
    },
    "prefer-stable": false,
    "prefer-lowest": false,
    "platform": [],
    "platform-dev": [],
    "plugin-api-version": "1.1.0"
}
